{
  "requires": true,
  "lockfileVersion": 1,
  "dependencies": {
    "follow-url-redirects": {
      "version": "1.0.0",
      "resolved": "https://registry.npmjs.org/follow-url-redirects/-/follow-url-redirects-1.0.0.tgz",
      "integrity": "sha512-2osDCHRJcYnXNCzsF3AAN0fAbAJCV+J4Nf4LltNkeROEp11NroMP99/cJ9madYeac/bQ4gCMH2AvOeYGUQ5asg=="
    }
  }
}
